{
  "originHash" : "ee0be7d4a66dd65f6a1dc99f4f0551280ae7fe4b3bb0551b9619716883c3d1bf",
  "pins" : [
    {
      "identity" : "clerk-ios",
      "kind" : "remoteSourceControl",
      "location" : "https://github.com/clerk/clerk-ios.git",
      "state" : {
        "revision" : "4ca130b977cfa03dd08de7b314bb379cc59978d7",
        "version" : "1.5.6"
      }
    },
    {
      "identity" : "nuke",
      "kind" : "remoteSourceControl",
      "location" : "https://github.com/kean/Nuke.git",
      "state" : {
        "revision" : "30f7a7e72e0607d304fbf69c799474bd5fb6d1ce",
        "version" : "13.2.0"
      }
    },
    {
      "identity" : "phonenumberkit",
      "kind" : "remoteSourceControl",
      "location" : "https://github.com/PhoneNumberKit/PhoneNumberKit",
      "state" : {
        "revision" : "38783049b71a4f774843341baa7ef5f4ceecfcaf",
        "version" : "5.0.10"
      }
    }
  ],
  "version" : 3
}
