{
  "originHash" : "7551cf7db87024619d7ba17ef45e9596a8809d6c015d988742a7af7126606474",
  "pins" : [
    {
      "identity" : "ably-cocoa",
      "kind" : "remoteSourceControl",
      "location" : "https://github.com/ably/ably-cocoa.git",
      "state" : {
        "revision" : "cd74cf2d1bf704e95d1a340db1bca77137660232",
        "version" : "1.4.0"
      }
    },
    {
      "identity" : "clerk-ios",
      "kind" : "remoteSourceControl",
      "location" : "https://github.com/clerk/clerk-ios.git",
      "state" : {
        "revision" : "059c48344d84e5c0867a9765b21f113327b4a709",
        "version" : "1.5.4"
      }
    },
    {
      "identity" : "delta-codec-cocoa",
      "kind" : "remoteSourceControl",
      "location" : "https://github.com/ably/delta-codec-cocoa",
      "state" : {
        "revision" : "d53eec08f9443c6160d941327a6f9d8bbb93cea2",
        "version" : "1.3.5"
      }
    },
    {
      "identity" : "msgpack-objective-c",
      "kind" : "remoteSourceControl",
      "location" : "https://github.com/rvi/msgpack-objective-C",
      "state" : {
        "revision" : "3e36b48e04ecd756cb927bd5f5b9bf6d45e475f9",
        "version" : "0.4.0"
      }
    },
    {
      "identity" : "nuke",
      "kind" : "remoteSourceControl",
      "location" : "https://github.com/kean/Nuke.git",
      "state" : {
        "revision" : "30f7a7e72e0607d304fbf69c799474bd5fb6d1ce",
        "version" : "13.2.0"
      }
    },
    {
      "identity" : "phonenumberkit",
      "kind" : "remoteSourceControl",
      "location" : "https://github.com/PhoneNumberKit/PhoneNumberKit",
      "state" : {
        "revision" : "38783049b71a4f774843341baa7ef5f4ceecfcaf",
        "version" : "5.0.10"
      }
    },
    {
      "identity" : "swift-concurrency-extras",
      "kind" : "remoteSourceControl",
      "location" : "https://github.com/pointfreeco/swift-concurrency-extras",
      "state" : {
        "revision" : "5fa253428866f2360c3754e88537f700ed2656b5",
        "version" : "1.4.1"
      }
    },
    {
      "identity" : "swiftui-math",
      "kind" : "remoteSourceControl",
      "location" : "https://github.com/gonzalezreal/swiftui-math",
      "state" : {
        "revision" : "0b5c2cfaaec8d6193db206f675048eeb5ce95f71",
        "version" : "0.1.0"
      }
    },
    {
      "identity" : "textual",
      "kind" : "remoteSourceControl",
      "location" : "https://github.com/gonzalezreal/textual.git",
      "state" : {
        "revision" : "01b51875a5406eefc95f52a058cb059e7bc94dc4",
        "version" : "0.5.0"
      }
    }
  ],
  "version" : 3
}
