{
  "originHash" : "7027c913074db1fd750ed5a31c4f2e6a5d30e3ddcb0138559448a51859d67591",
  "pins" : [
    {
      "identity" : "clerk-ios",
      "kind" : "remoteSourceControl",
      "location" : "https://github.com/clerk/clerk-ios.git",
      "state" : {
        "revision" : "4ca130b977cfa03dd08de7b314bb379cc59978d7",
        "version" : "1.5.6"
      }
    },
    {
      "identity" : "nuke",
      "kind" : "remoteSourceControl",
      "location" : "https://github.com/kean/Nuke.git",
      "state" : {
        "revision" : "30f7a7e72e0607d304fbf69c799474bd5fb6d1ce",
        "version" : "13.2.0"
      }
    },
    {
      "identity" : "phonenumberkit",
      "kind" : "remoteSourceControl",
      "location" : "https://github.com/PhoneNumberKit/PhoneNumberKit",
      "state" : {
        "revision" : "faf1703e6fc71c699e911ff0e306c58ad7c756c0",
        "version" : "5.0.11"
      }
    },
    {
      "identity" : "sparkle",
      "kind" : "remoteSourceControl",
      "location" : "https://github.com/sparkle-project/Sparkle.git",
      "state" : {
        "revision" : "eef1a539a373c1f1a320624b1130fc5de7b2e100",
        "version" : "2.10.0"
      }
    }
  ],
  "version" : 3
}
